
Microsoft Visual Studio Solution File, Format Version 12.00
# Visual Studio Version 17
VisualStudioVersion = 17.0.31903.59
MinimumVisualStudioVersion = 10.0.40219.1
Project("{FAE04EC0-301F-11D3-BF4B-00C04F79EFBC}") = "Momoka.Ai", "Momoka.Ai\Momoka.Ai.csproj", "{A1B2C3D4-0001-0001-0001-000000000001}"
EndProject
Project("{FAE04EC0-301F-11D3-BF4B-00C04F79EFBC}") = "Momoka.Core", "Momoka.Core\Momoka.Core.csproj", "{A1B2C3D4-0002-0002-0002-000000000002}"
EndProject
Project("{FAE04EC0-301F-11D3-BF4B-00C04F79EFBC}") = "Momoka.Sense", "Momoka.Sense\Momoka.Sense.csproj", "{A1B2C3D4-0003-0003-0003-000000000003}"
EndProject
Project("{FAE04EC0-301F-11D3-BF4B-00C04F79EFBC}") = "Momoka.Home", "Momoka.Home\Momoka.Home.csproj", "{A1B2C3D4-0004-0004-0004-000000000004}"
EndProject
Project("{2150E333-8FDC-42A3-9474-1A3956D46DE8}") = "Benchmarks", "Benchmarks", "{1FD37D6C-C54B-4132-8974-4F480E469A93}"
EndProject
Project("{FAE04EC0-301F-11D3-BF4B-00C04F79EFBC}") = "Momoka.Home.Benchmarks", "Benchmarks\Momoka.Home\Momoka.Home.Benchmarks.csproj", "{0D0445D5-0AB0-4D33-9340-9017827D6DD7}"
EndProject
Project("{2150E333-8FDC-42A3-9474-1A3956D46DE8}") = "Tests", "Tests", "{2C5834BA-8C8D-4061-B563-E1CF1501A9CC}"
EndProject
Project("{FAE04EC0-301F-11D3-BF4B-00C04F79EFBC}") = "Momoka.Home.Tests", "Tests\Momoka.Home\Momoka.Home.Tests.csproj", "{7CE31E75-FFE4-44DF-B624-4FA5435CE971}"
EndProject
Project("{FAE04EC0-301F-11D3-BF4B-00C04F79EFBC}") = "Momoka.Core.Tests", "Tests\Momoka.Core\Momoka.Core.Tests.csproj", "{93ED5DEF-FFEA-4907-B779-825EF8F6BBD4}"
EndProject
Project("{2150E333-8FDC-42A3-9474-1A3956D46DE8}") = "Momoka.Core", "Momoka.Core", "{5CD75C4A-3487-4D8A-B441-299EBD0D803C}"
EndProject
Project("{2150E333-8FDC-42A3-9474-1A3956D46DE8}") = "Momoka.Core", "Momoka.Core", "{3A0F5958-5FF7-43D4-A1BD-F61F087768C5}"
EndProject
Project("{2150E333-8FDC-42A3-9474-1A3956D46DE8}") = "Plugins", "Plugins", "{01C5ABB3-8E85-4ACA-9EE0-5C96EB850795}"
EndProject
Project("{FAE04EC0-301F-11D3-BF4B-00C04F79EFBC}") = "PluginAlpha", "Tests\Momoka.Core\Plugins\PluginAlpha\PluginAlpha.csproj", "{889B2E8F-0416-4D4E-8A7B-33B5A24A3A3D}"
EndProject
Project("{FAE04EC0-301F-11D3-BF4B-00C04F79EFBC}") = "PluginBeta", "Tests\Momoka.Core\Plugins\PluginBeta\PluginBeta.csproj", "{2BF819F5-3DE0-4C70-970E-AFDFFA5C9249}"
EndProject
Project("{FAE04EC0-301F-11D3-BF4B-00C04F79EFBC}") = "PluginBad", "Tests\Momoka.Core\Plugins\PluginBad\PluginBad.csproj", "{97E72928-1F7E-4D50-8F62-A8D8235F0F17}"
EndProject
Project("{FAE04EC0-301F-11D3-BF4B-00C04F79EFBC}") = "PluginPlain", "Tests\Momoka.Core\Plugins\PluginPlain\PluginPlain.csproj", "{1281B546-AD99-45BD-A812-18FAD0B70F3C}"
EndProject
Project("{FAE04EC0-301F-11D3-BF4B-00C04F79EFBC}") = "PluginExplode", "Tests\Momoka.Core\Plugins\PluginExplode\PluginExplode.csproj", "{114798C1-C743-486E-BB6B-FC5E5ABEA50B}"
EndProject
Project("{FAE04EC0-301F-11D3-BF4B-00C04F79EFBC}") = "PluginEvents", "Tests\Momoka.Core\Plugins\PluginEvents\PluginEvents.csproj", "{040A7D3A-C8CA-4D94-9A21-C92369E5A0B7}"
EndProject
Global
	GlobalSection(SolutionConfigurationPlatforms) = preSolution
		Debug|Any CPU = Debug|Any CPU
		Release|Any CPU = Release|Any CPU
	EndGlobalSection
	GlobalSection(ProjectConfigurationPlatforms) = postSolution
		{A1B2C3D4-0001-0001-0001-000000000001}.Debug|Any CPU.ActiveCfg = Debug|Any CPU
		{A1B2C3D4-0001-0001-0001-000000000001}.Debug|Any CPU.Build.0 = Debug|Any CPU
		{A1B2C3D4-0001-0001-0001-000000000001}.Release|Any CPU.ActiveCfg = Release|Any CPU
		{A1B2C3D4-0001-0001-0001-000000000001}.Release|Any CPU.Build.0 = Release|Any CPU
		{A1B2C3D4-0002-0002-0002-000000000002}.Debug|Any CPU.ActiveCfg = Debug|Any CPU
		{A1B2C3D4-0002-0002-0002-000000000002}.Debug|Any CPU.Build.0 = Debug|Any CPU
		{A1B2C3D4-0002-0002-0002-000000000002}.Release|Any CPU.ActiveCfg = Release|Any CPU
		{A1B2C3D4-0002-0002-0002-000000000002}.Release|Any CPU.Build.0 = Release|Any CPU
		{A1B2C3D4-0003-0003-0003-000000000003}.Debug|Any CPU.ActiveCfg = Debug|Any CPU
		{A1B2C3D4-0003-0003-0003-000000000003}.Debug|Any CPU.Build.0 = Debug|Any CPU
		{A1B2C3D4-0003-0003-0003-000000000003}.Release|Any CPU.ActiveCfg = Release|Any CPU
		{A1B2C3D4-0003-0003-0003-000000000003}.Release|Any CPU.Build.0 = Release|Any CPU
		{A1B2C3D4-0004-0004-0004-000000000004}.Debug|Any CPU.ActiveCfg = Debug|Any CPU
		{A1B2C3D4-0004-0004-0004-000000000004}.Debug|Any CPU.Build.0 = Debug|Any CPU
		{A1B2C3D4-0004-0004-0004-000000000004}.Release|Any CPU.ActiveCfg = Release|Any CPU
		{A1B2C3D4-0004-0004-0004-000000000004}.Release|Any CPU.Build.0 = Release|Any CPU
		{0D0445D5-0AB0-4D33-9340-9017827D6DD7}.Debug|Any CPU.ActiveCfg = Debug|Any CPU
		{0D0445D5-0AB0-4D33-9340-9017827D6DD7}.Debug|Any CPU.Build.0 = Debug|Any CPU
		{0D0445D5-0AB0-4D33-9340-9017827D6DD7}.Release|Any CPU.ActiveCfg = Release|Any CPU
		{0D0445D5-0AB0-4D33-9340-9017827D6DD7}.Release|Any CPU.Build.0 = Release|Any CPU
		{7CE31E75-FFE4-44DF-B624-4FA5435CE971}.Debug|Any CPU.ActiveCfg = Debug|Any CPU
		{7CE31E75-FFE4-44DF-B624-4FA5435CE971}.Debug|Any CPU.Build.0 = Debug|Any CPU
		{7CE31E75-FFE4-44DF-B624-4FA5435CE971}.Release|Any CPU.ActiveCfg = Release|Any CPU
		{7CE31E75-FFE4-44DF-B624-4FA5435CE971}.Release|Any CPU.Build.0 = Release|Any CPU
		{93ED5DEF-FFEA-4907-B779-825EF8F6BBD4}.Debug|Any CPU.ActiveCfg = Debug|Any CPU
		{93ED5DEF-FFEA-4907-B779-825EF8F6BBD4}.Debug|Any CPU.Build.0 = Debug|Any CPU
		{93ED5DEF-FFEA-4907-B779-825EF8F6BBD4}.Release|Any CPU.ActiveCfg = Release|Any CPU
		{93ED5DEF-FFEA-4907-B779-825EF8F6BBD4}.Release|Any CPU.Build.0 = Release|Any CPU
		{889B2E8F-0416-4D4E-8A7B-33B5A24A3A3D}.Debug|Any CPU.ActiveCfg = Debug|Any CPU
		{889B2E8F-0416-4D4E-8A7B-33B5A24A3A3D}.Debug|Any CPU.Build.0 = Debug|Any CPU
		{889B2E8F-0416-4D4E-8A7B-33B5A24A3A3D}.Release|Any CPU.ActiveCfg = Release|Any CPU
		{889B2E8F-0416-4D4E-8A7B-33B5A24A3A3D}.Release|Any CPU.Build.0 = Release|Any CPU
		{2BF819F5-3DE0-4C70-970E-AFDFFA5C9249}.Debug|Any CPU.ActiveCfg = Debug|Any CPU
		{2BF819F5-3DE0-4C70-970E-AFDFFA5C9249}.Debug|Any CPU.Build.0 = Debug|Any CPU
		{2BF819F5-3DE0-4C70-970E-AFDFFA5C9249}.Release|Any CPU.ActiveCfg = Release|Any CPU
		{2BF819F5-3DE0-4C70-970E-AFDFFA5C9249}.Release|Any CPU.Build.0 = Release|Any CPU
		{97E72928-1F7E-4D50-8F62-A8D8235F0F17}.Debug|Any CPU.ActiveCfg = Debug|Any CPU
		{97E72928-1F7E-4D50-8F62-A8D8235F0F17}.Debug|Any CPU.Build.0 = Debug|Any CPU
		{97E72928-1F7E-4D50-8F62-A8D8235F0F17}.Release|Any CPU.ActiveCfg = Release|Any CPU
		{97E72928-1F7E-4D50-8F62-A8D8235F0F17}.Release|Any CPU.Build.0 = Release|Any CPU
		{1281B546-AD99-45BD-A812-18FAD0B70F3C}.Debug|Any CPU.ActiveCfg = Debug|Any CPU
		{1281B546-AD99-45BD-A812-18FAD0B70F3C}.Debug|Any CPU.Build.0 = Debug|Any CPU
		{1281B546-AD99-45BD-A812-18FAD0B70F3C}.Release|Any CPU.ActiveCfg = Release|Any CPU
		{1281B546-AD99-45BD-A812-18FAD0B70F3C}.Release|Any CPU.Build.0 = Release|Any CPU
		{114798C1-C743-486E-BB6B-FC5E5ABEA50B}.Debug|Any CPU.ActiveCfg = Debug|Any CPU
		{114798C1-C743-486E-BB6B-FC5E5ABEA50B}.Debug|Any CPU.Build.0 = Debug|Any CPU
		{114798C1-C743-486E-BB6B-FC5E5ABEA50B}.Release|Any CPU.ActiveCfg = Release|Any CPU
		{114798C1-C743-486E-BB6B-FC5E5ABEA50B}.Release|Any CPU.Build.0 = Release|Any CPU
		{040A7D3A-C8CA-4D94-9A21-C92369E5A0B7}.Debug|Any CPU.ActiveCfg = Debug|Any CPU
		{040A7D3A-C8CA-4D94-9A21-C92369E5A0B7}.Debug|Any CPU.Build.0 = Debug|Any CPU
		{040A7D3A-C8CA-4D94-9A21-C92369E5A0B7}.Release|Any CPU.ActiveCfg = Release|Any CPU
		{040A7D3A-C8CA-4D94-9A21-C92369E5A0B7}.Release|Any CPU.Build.0 = Release|Any CPU
	EndGlobalSection
	GlobalSection(SolutionProperties) = preSolution
		HideSolutionNode = FALSE
	EndGlobalSection
	GlobalSection(NestedProjects) = preSolution
		{A1B2C3D4-0002-0002-0002-000000000002} = {5CD75C4A-3487-4D8A-B441-299EBD0D803C}
		{0D0445D5-0AB0-4D33-9340-9017827D6DD7} = {1FD37D6C-C54B-4132-8974-4F480E469A93}
		{7CE31E75-FFE4-44DF-B624-4FA5435CE971} = {2C5834BA-8C8D-4061-B563-E1CF1501A9CC}
		{93ED5DEF-FFEA-4907-B779-825EF8F6BBD4} = {2C5834BA-8C8D-4061-B563-E1CF1501A9CC}
		{3A0F5958-5FF7-43D4-A1BD-F61F087768C5} = {2C5834BA-8C8D-4061-B563-E1CF1501A9CC}
		{01C5ABB3-8E85-4ACA-9EE0-5C96EB850795} = {3A0F5958-5FF7-43D4-A1BD-F61F087768C5}
		{889B2E8F-0416-4D4E-8A7B-33B5A24A3A3D} = {01C5ABB3-8E85-4ACA-9EE0-5C96EB850795}
		{2BF819F5-3DE0-4C70-970E-AFDFFA5C9249} = {01C5ABB3-8E85-4ACA-9EE0-5C96EB850795}
		{97E72928-1F7E-4D50-8F62-A8D8235F0F17} = {01C5ABB3-8E85-4ACA-9EE0-5C96EB850795}
		{1281B546-AD99-45BD-A812-18FAD0B70F3C} = {01C5ABB3-8E85-4ACA-9EE0-5C96EB850795}
		{114798C1-C743-486E-BB6B-FC5E5ABEA50B} = {01C5ABB3-8E85-4ACA-9EE0-5C96EB850795}
		{040A7D3A-C8CA-4D94-9A21-C92369E5A0B7} = {01C5ABB3-8E85-4ACA-9EE0-5C96EB850795}
	EndGlobalSection
EndGlobal
